# .forge-lock.yaml — DO NOT EDIT MANUALLY
# Generated by forge. Changes will be overwritten on sync.
blueprint:
    registry_url: /Users/donaldgifford/code/forge-registry
    name: go-ext
    path: go/ext
created_at: 2026-04-24T18:13:11.026805Z
last_synced: 2026-04-24T18:13:11.026805Z
forge_version: 0.2.0
variables:
    license: Apache-2.0
    project_description: Golang Webhook API
    project_name: webhookd
    project_owner: donaldgifford
defaults:
    - path: .checkmake.ini
      source: registry-default
      strategy: overwrite
      hash: sha256:123f1dc4a0f6e608cd57546d72894791ef719ad07cc0fdd53016d57557cb9284
    - path: .claude/settings.json
      source: category-default
      strategy: overwrite
      hash: sha256:49bf8b8e42efdcb93537e5f3218a45ffd248385faa5519b0281780ed958fa49b
    - path: .docz.yaml
      source: registry-default
      strategy: overwrite
      hash: sha256:f3fb2387d31e3b07fa2a1efdf3e974814b13113c763a7b82d7425eb2967bbcfc
    - path: .github/labeler.yml
      source: category-default
      strategy: overwrite
      hash: sha256:022ba7cb66a35028e3930d0477233dca98cfec611ac5698670e5e93b0396a3bf
    - path: .github/workflows/pr-labels.yml
      source: category-default
      strategy: overwrite
      hash: sha256:4a63cbdef4ccb5d64e396bf8f51fd383c0b24022c8740a07892f6efea29283c3
    - path: .gitignore
      source: category-default
      strategy: overwrite
      hash: sha256:f63c3fd744b7424c2677015053dd23dc1a8b55771c3d894bca9770d93e0f2921
    - path: .makefmt.yml
      source: registry-default
      strategy: overwrite
      hash: sha256:c56b8f4be0b7722a0e8fda97faf4d8c29e4ff75193acf663bf5a5b0e7fbf4808
    - path: .markdownlint.yaml
      source: registry-default
      strategy: overwrite
      hash: sha256:dc9182bd0b399616bd2b6933eb4b2a756674cedb43dbea914cf61f9180e3fc92
    - path: .prettierrc.yaml
      source: registry-default
      strategy: overwrite
      hash: sha256:e99c5ae311d20d79de949b5fad46682f4cc153d431118eefbb4dbb3f79f6c64d
    - path: .yamlfmt.yml
      source: registry-default
      strategy: overwrite
      hash: sha256:d214a4f56043cad5e01bd70e3530155df3bf7372bd2571aba87bcee0c1dcca73
    - path: .yamllint.yml
      source: registry-default
      strategy: overwrite
      hash: sha256:3f8575b37ea4a59395110326535d36573208fc6495ac47e357512fa7b8bbf7a9
    - path: .codecov.yml
      source: category-default
      strategy: overwrite
      hash: sha256:6081acf89a7356486744ea90ddaa3daf20dba822209170e00392c255b6cbc7b4
    - path: .github/dependabot.yml
      source: category-default
      strategy: overwrite
      hash: sha256:46bf2769823e50c3bcf263246c146eca1bf5e785f907fe5308a2aab902039cca
    - path: .github/licenses-csv.tpl
      source: category-default
      strategy: overwrite
      hash: sha256:181b0c267bcc0c99b7e448de827c3a9a6c65ac4e2755d2529b9985018929b2f7
    - path: .github/workflows/license-check.yml
      source: category-default
      strategy: overwrite
      hash: sha256:a2c449cb9678d012fea1384a66eaf7d0bc85d3b9edbd1eebeee11d1df64bb966
    - path: .golangci.yml
      source: category-default
      strategy: overwrite
      hash: sha256:7f2d5228c7994750071e4d86ed542a994c0952af7a84047217bc07ca15f7938d
    - path: .goreleaser.yml
      source: category-default
      strategy: overwrite
      hash: sha256:78f9ebb1bfa9fa5f375f8f2dd4999fdcc92da89d61d57a4eb02befb4f8e70f90
    - path: Makefile.tmpl
      source: category-default
      strategy: overwrite
      hash: sha256:cb926c5986d7de74ed10d0ae9614f6d44fb3aca98c71bc2e51741f0ea060fad0
    - path: cmd/{{ .project_name }}/main.go.tmpl
      source: category-default
      strategy: overwrite
    - path: mise.toml.tmpl
      source: category-default
      strategy: overwrite
      hash: sha256:1caad202ded02cf2b9d00ebbc7cc2165a77cba88e5b45f7bbbd4b4c23df6f53d
    - path: scripts/labels.sh
      source: category-default
      strategy: overwrite
      hash: sha256:37dead1ff5c5babd978afa02f4a8ac0ddd24396378b6f12cfeb808085accdcb8
